// !$*UTF8*$!
{
	archiveVersion = 1;
	classes = {
	};
	objectVersion = 51;
	objects = {

/* Begin PBXBuildFile section */
		46A805F72F56F5C060778B16 /* Pods_erooja.framework in Frameworks */ = {isa = PBXBuildFile; fileRef = 3F0B152DDCD2B25F745259E2 /* Pods_erooja.framework */; };
		B0462ACF242B8E5F00B51854 /* AppDelegate.swift in Sources */ = {isa = PBXBuildFile; fileRef = B0462ACE242B8E5F00B51854 /* AppDelegate.swift */; };
		B0462AD3242B8E5F00B51854 /* MainViewController.swift in Sources */ = {isa = PBXBuildFile; fileRef = B0462AD2242B8E5F00B51854 /* MainViewController.swift */; };
		B0462AD6242B8E5F00B51854 /* Main.storyboard in Resources */ = {isa = PBXBuildFile; fileRef = B0462AD4242B8E5F00B51854 /* Main.storyboard */; };
		B0462AD9242B8E5F00B51854 /* erooja.xcdatamodeld in Sources */ = {isa = PBXBuildFile; fileRef = B0462AD7242B8E5F00B51854 /* erooja.xcdatamodeld */; };
		B0462ADB242B8E6100B51854 /* Assets.xcassets in Resources */ = {isa = PBXBuildFile; fileRef = B0462ADA242B8E6100B51854 /* Assets.xcassets */; };
		B0462ADE242B8E6100B51854 /* LaunchScreen.storyboard in Resources */ = {isa = PBXBuildFile; fileRef = B0462ADC242B8E6100B51854 /* LaunchScreen.storyboard */; };
		B0462AE7242B8FA900B51854 /* Search.storyboard in Resources */ = {isa = PBXBuildFile; fileRef = B0462AE6242B8FA900B51854 /* Search.storyboard */; };
		B0462AE9242B8FBF00B51854 /* MyPage.storyboard in Resources */ = {isa = PBXBuildFile; fileRef = B0462AE8242B8FBF00B51854 /* MyPage.storyboard */; };
		B0462AEB242B8FE800B51854 /* Home.storyboard in Resources */ = {isa = PBXBuildFile; fileRef = B0462AEA242B8FE800B51854 /* Home.storyboard */; };
		B0462AEE242B920000B51854 /* Schedule.swift in Sources */ = {isa = PBXBuildFile; fileRef = B0462AED242B920000B51854 /* Schedule.swift */; };
		B0462AF0242B921000B51854 /* APIResponseCode.swift in Sources */ = {isa = PBXBuildFile; fileRef = B0462AEF242B921000B51854 /* APIResponseCode.swift */; };
		B0462AF2242B944100B51854 /* HomeAPIRequest.swift in Sources */ = {isa = PBXBuildFile; fileRef = B0462AF1242B944100B51854 /* HomeAPIRequest.swift */; };
		B0462AF5242B945D00B51854 /* EroojaAPIRequest.swift in Sources */ = {isa = PBXBuildFile; fileRef = B0462AF4242B945D00B51854 /* EroojaAPIRequest.swift */; };
		B0462AF7242B949E00B51854 /* URLConstant.swift in Sources */ = {isa = PBXBuildFile; fileRef = B0462AF6242B949E00B51854 /* URLConstant.swift */; };
		B0462B1B242B953D00B51854 /* BasicAPIError.swift in Sources */ = {isa = PBXBuildFile; fileRef = B0462B1A242B953D00B51854 /* BasicAPIError.swift */; };
		B0462B1D242B95CF00B51854 /* AlertController.swift in Sources */ = {isa = PBXBuildFile; fileRef = B0462B1C242B95CF00B51854 /* AlertController.swift */; };
		B0462B20242BA97800B51854 /* EUINavigationController.swift in Sources */ = {isa = PBXBuildFile; fileRef = B0462B1F242BA97800B51854 /* EUINavigationController.swift */; };
		B0462B23242BA99F00B51854 /* EUINavigationBar.swift in Sources */ = {isa = PBXBuildFile; fileRef = B0462B22242BA99F00B51854 /* EUINavigationBar.swift */; };
		B0462B25242BA9CF00B51854 /* EUINavigationBar+Style.swift in Sources */ = {isa = PBXBuildFile; fileRef = B0462B24242BA9CF00B51854 /* EUINavigationBar+Style.swift */; };
		B0462B27242BAA4A00B51854 /* UIImage+Average.swift in Sources */ = {isa = PBXBuildFile; fileRef = B0462B26242BAA4A00B51854 /* UIImage+Average.swift */; };
		B0462B29242BAA9200B51854 /* Notification+Common.swift in Sources */ = {isa = PBXBuildFile; fileRef = B0462B28242BAA9200B51854 /* Notification+Common.swift */; };
		B0462B2C242BAAE800B51854 /* UIColor+ContrastingColor.swift in Sources */ = {isa = PBXBuildFile; fileRef = B0462B2B242BAAE800B51854 /* UIColor+ContrastingColor.swift */; };
		B0462B2E242BAB2000B51854 /* UIView+Frame.swift in Sources */ = {isa = PBXBuildFile; fileRef = B0462B2D242BAB2000B51854 /* UIView+Frame.swift */; };
		B0462B30242BAB5E00B51854 /* UIImage+Crop.swift in Sources */ = {isa = PBXBuildFile; fileRef = B0462B2F242BAB5E00B51854 /* UIImage+Crop.swift */; };
		B0462B32242BAB8100B51854 /* UIImage+Resize.swift in Sources */ = {isa = PBXBuildFile; fileRef = B0462B31242BAB8100B51854 /* UIImage+Resize.swift */; };
		B0462B34242BAD7B00B51854 /* UIImage+Initialize.swift in Sources */ = {isa = PBXBuildFile; fileRef = B0462B33242BAD7B00B51854 /* UIImage+Initialize.swift */; };
/* End PBXBuildFile section */

/* Begin PBXFileReference section */
		3F0B152DDCD2B25F745259E2 /* Pods_erooja.framework */ = {isa = PBXFileReference; explicitFileType = wrapper.framework; includeInIndex = 0; path = Pods_erooja.framework; sourceTree = BUILT_PRODUCTS_DIR; };
		9CAC2CCFB91AEFC6FE7A332D /* Pods-erooja.release.xcconfig */ = {isa = PBXFileReference; includeInIndex = 1; lastKnownFileType = text.xcconfig; name = "Pods-erooja.release.xcconfig"; path = "Target Support Files/Pods-erooja/Pods-erooja.release.xcconfig"; sourceTree = "<group>"; };
		B0462ACB242B8E5F00B51854 /* erooja.app */ = {isa = PBXFileReference; explicitFileType = wrapper.application; includeInIndex = 0; path = erooja.app; sourceTree = BUILT_PRODUCTS_DIR; };
		B0462ACE242B8E5F00B51854 /* AppDelegate.swift */ = {isa = PBXFileReference; lastKnownFileType = sourcecode.swift; path = AppDelegate.swift; sourceTree = "<group>"; };
		B0462AD2242B8E5F00B51854 /* MainViewController.swift */ = {isa = PBXFileReference; lastKnownFileType = sourcecode.swift; path = MainViewController.swift; sourceTree = "<group>"; };
		B0462AD5242B8E5F00B51854 /* Base */ = {isa = PBXFileReference; lastKnownFileType = file.storyboard; name = Base; path = Base.lproj/Main.storyboard; sourceTree = "<group>"; };
		B0462AD8242B8E5F00B51854 /* erooja.xcdatamodel */ = {isa = PBXFileReference; lastKnownFileType = wrapper.xcdatamodel; path = erooja.xcdatamodel; sourceTree = "<group>"; };
		B0462ADA242B8E6100B51854 /* Assets.xcassets */ = {isa = PBXFileReference; lastKnownFileType = folder.assetcatalog; path = Assets.xcassets; sourceTree = "<group>"; };
		B0462ADD242B8E6100B51854 /* Base */ = {isa = PBXFileReference; lastKnownFileType = file.storyboard; name = Base; path = Base.lproj/LaunchScreen.storyboard; sourceTree = "<group>"; };
		B0462ADF242B8E6100B51854 /* Info.plist */ = {isa = PBXFileReference; lastKnownFileType = text.plist.xml; path = Info.plist; sourceTree = "<group>"; };
		B0462AE6242B8FA900B51854 /* Search.storyboard */ = {isa = PBXFileReference; lastKnownFileType = file.storyboard; path = Search.storyboard; sourceTree = "<group>"; };
		B0462AE8242B8FBF00B51854 /* MyPage.storyboard */ = {isa = PBXFileReference; lastKnownFileType = file.storyboard; path = MyPage.storyboard; sourceTree = "<group>"; };
		B0462AEA242B8FE800B51854 /* Home.storyboard */ = {isa = PBXFileReference; lastKnownFileType = file.storyboard; path = Home.storyboard; sourceTree = "<group>"; };
		B0462AED242B920000B51854 /* Schedule.swift */ = {isa = PBXFileReference; lastKnownFileType = sourcecode.swift; path = Schedule.swift; sourceTree = "<group>"; };
		B0462AEF242B921000B51854 /* APIResponseCode.swift */ = {isa = PBXFileReference; lastKnownFileType = sourcecode.swift; path = APIResponseCode.swift; sourceTree = "<group>"; };
		B0462AF1242B944100B51854 /* HomeAPIRequest.swift */ = {isa = PBXFileReference; lastKnownFileType = sourcecode.swift; path = HomeAPIRequest.swift; sourceTree = "<group>"; };
		B0462AF4242B945D00B51854 /* EroojaAPIRequest.swift */ = {isa = PBXFileReference; lastKnownFileType = sourcecode.swift; path = EroojaAPIRequest.swift; sourceTree = "<group>"; };
		B0462AF6242B949E00B51854 /* URLConstant.swift */ = {isa = PBXFileReference; lastKnownFileType = sourcecode.swift; path = URLConstant.swift; sourceTree = "<group>"; };
		B0462B1A242B953D00B51854 /* BasicAPIError.swift */ = {isa = PBXFileReference; lastKnownFileType = sourcecode.swift; path = BasicAPIError.swift; sourceTree = "<group>"; };
		B0462B1C242B95CF00B51854 /* AlertController.swift */ = {isa = PBXFileReference; lastKnownFileType = sourcecode.swift; path = AlertController.swift; sourceTree = "<group>"; };
		B0462B1F242BA97800B51854 /* EUINavigationController.swift */ = {isa = PBXFileReference; lastKnownFileType = sourcecode.swift; path = EUINavigationController.swift; sourceTree = "<group>"; };
		B0462B22242BA99F00B51854 /* EUINavigationBar.swift */ = {isa = PBXFileReference; lastKnownFileType = sourcecode.swift; path = EUINavigationBar.swift; sourceTree = "<group>"; };
		B0462B24242BA9CF00B51854 /* EUINavigationBar+Style.swift */ = {isa = PBXFileReference; lastKnownFileType = sourcecode.swift; path = "EUINavigationBar+Style.swift"; sourceTree = "<group>"; };
		B0462B26242BAA4A00B51854 /* UIImage+Average.swift */ = {isa = PBXFileReference; lastKnownFileType = sourcecode.swift; path = "UIImage+Average.swift"; sourceTree = "<group>"; };
		B0462B28242BAA9200B51854 /* Notification+Common.swift */ = {isa = PBXFileReference; lastKnownFileType = sourcecode.swift; path = "Notification+Common.swift"; sourceTree = "<group>"; };
		B0462B2B242BAAE800B51854 /* UIColor+ContrastingColor.swift */ = {isa = PBXFileReference; lastKnownFileType = sourcecode.swift; path = "UIColor+ContrastingColor.swift"; sourceTree = "<group>"; };
		B0462B2D242BAB2000B51854 /* UIView+Frame.swift */ = {isa = PBXFileReference; lastKnownFileType = sourcecode.swift; path = "UIView+Frame.swift"; sourceTree = "<group>"; };
		B0462B2F242BAB5E00B51854 /* UIImage+Crop.swift */ = {isa = PBXFileReference; lastKnownFileType = sourcecode.swift; path = "UIImage+Crop.swift"; sourceTree = "<group>"; };
		B0462B31242BAB8100B51854 /* UIImage+Resize.swift */ = {isa = PBXFileReference; lastKnownFileType = sourcecode.swift; path = "UIImage+Resize.swift"; sourceTree = "<group>"; };
		B0462B33242BAD7B00B51854 /* UIImage+Initialize.swift */ = {isa = PBXFileReference; lastKnownFileType = sourcecode.swift; path = "UIImage+Initialize.swift"; sourceTree = "<group>"; };
		B7EC43A88CE7BA9D68CE3D8B /* Pods-erooja.debug.xcconfig */ = {isa = PBXFileReference; includeInIndex = 1; lastKnownFileType = text.xcconfig; name = "Pods-erooja.debug.xcconfig"; path = "Target Support Files/Pods-erooja/Pods-erooja.debug.xcconfig"; sourceTree = "<group>"; };
/* End PBXFileReference section */

/* Begin PBXFrameworksBuildPhase section */
		B0462AC8242B8E5F00B51854 /* Frameworks */ = {
			isa = PBXFrameworksBuildPhase;
			buildActionMask = 2147483647;
			files = (
				46A805F72F56F5C060778B16 /* Pods_erooja.framework in Frameworks */,
			);
			runOnlyForDeploymentPostprocessing = 0;
		};
/* End PBXFrameworksBuildPhase section */

/* Begin PBXGroup section */
		66A0F7608C7BB3837D0680FE /* Frameworks */ = {
			isa = PBXGroup;
			children = (
				3F0B152DDCD2B25F745259E2 /* Pods_erooja.framework */,
			);
			name = Frameworks;
			sourceTree = "<group>";
		};
		B0462AC2242B8E5F00B51854 = {
			isa = PBXGroup;
			children = (
				B0462ACD242B8E5F00B51854 /* erooja */,
				B0462ACC242B8E5F00B51854 /* Products */,
				E289B42C32A309B73ED34963 /* Pods */,
				66A0F7608C7BB3837D0680FE /* Frameworks */,
			);
			sourceTree = "<group>";
		};
		B0462ACC242B8E5F00B51854 /* Products */ = {
			isa = PBXGroup;
			children = (
				B0462ACB242B8E5F00B51854 /* erooja.app */,
			);
			name = Products;
			sourceTree = "<group>";
		};
		B0462ACD242B8E5F00B51854 /* erooja */ = {
			isa = PBXGroup;
			children = (
				B0462B2A242BAAA400B51854 /* Extensions */,
				B0462B1E242BA93C00B51854 /* View */,
				B0462AF3242B944E00B51854 /* Network */,
				B0462AEC242B91CE00B51854 /* Module */,
				B0462AE5242B8F9400B51854 /* storyboard */,
				B0462ACE242B8E5F00B51854 /* AppDelegate.swift */,
				B0462ADA242B8E6100B51854 /* Assets.xcassets */,
				B0462ADC242B8E6100B51854 /* LaunchScreen.storyboard */,
				B0462ADF242B8E6100B51854 /* Info.plist */,
				B0462AD7242B8E5F00B51854 /* erooja.xcdatamodeld */,
				B0462B1C242B95CF00B51854 /* AlertController.swift */,
			);
			path = erooja;
			sourceTree = "<group>";
		};
		B0462AE5242B8F9400B51854 /* storyboard */ = {
			isa = PBXGroup;
			children = (
				B0462AD4242B8E5F00B51854 /* Main.storyboard */,
				B0462AE6242B8FA900B51854 /* Search.storyboard */,
				B0462AE8242B8FBF00B51854 /* MyPage.storyboard */,
				B0462AEA242B8FE800B51854 /* Home.storyboard */,
			);
			path = storyboard;
			sourceTree = "<group>";
		};
		B0462AEC242B91CE00B51854 /* Module */ = {
			isa = PBXGroup;
			children = (
				B0462AED242B920000B51854 /* Schedule.swift */,
				B0462AEF242B921000B51854 /* APIResponseCode.swift */,
			);
			path = Module;
			sourceTree = "<group>";
		};
		B0462AF3242B944E00B51854 /* Network */ = {
			isa = PBXGroup;
			children = (
				B0462AF1242B944100B51854 /* HomeAPIRequest.swift */,
				B0462AF4242B945D00B51854 /* EroojaAPIRequest.swift */,
				B0462AF6242B949E00B51854 /* URLConstant.swift */,
				B0462B1A242B953D00B51854 /* BasicAPIError.swift */,
			);
			path = Network;
			sourceTree = "<group>";
		};
		B0462B1E242BA93C00B51854 /* View */ = {
			isa = PBXGroup;
			children = (
				B0462B21242BA98D00B51854 /* EUINavigation */,
				B0462AD2242B8E5F00B51854 /* MainViewController.swift */,
			);
			path = View;
			sourceTree = "<group>";
		};
		B0462B21242BA98D00B51854 /* EUINavigation */ = {
			isa = PBXGroup;
			children = (
				B0462B1F242BA97800B51854 /* EUINavigationController.swift */,
				B0462B22242BA99F00B51854 /* EUINavigationBar.swift */,
				B0462B24242BA9CF00B51854 /* EUINavigationBar+Style.swift */,
			);
			path = EUINavigation;
			sourceTree = "<group>";
		};
		B0462B2A242BAAA400B51854 /* Extensions */ = {
			isa = PBXGroup;
			children = (
				B0462B26242BAA4A00B51854 /* UIImage+Average.swift */,
				B0462B28242BAA9200B51854 /* Notification+Common.swift */,
				B0462B2B242BAAE800B51854 /* UIColor+ContrastingColor.swift */,
				B0462B2D242BAB2000B51854 /* UIView+Frame.swift */,
				B0462B2F242BAB5E00B51854 /* UIImage+Crop.swift */,
				B0462B31242BAB8100B51854 /* UIImage+Resize.swift */,
				B0462B33242BAD7B00B51854 /* UIImage+Initialize.swift */,
			);
			path = Extensions;
			sourceTree = "<group>";
		};
		E289B42C32A309B73ED34963 /* Pods */ = {
			isa = PBXGroup;
			children = (
				B7EC43A88CE7BA9D68CE3D8B /* Pods-erooja.debug.xcconfig */,
				9CAC2CCFB91AEFC6FE7A332D /* Pods-erooja.release.xcconfig */,
			);
			path = Pods;
			sourceTree = "<group>";
		};
/* End PBXGroup section */

/* Begin PBXNativeTarget section */
		B0462ACA242B8E5F00B51854 /* erooja */ = {
			isa = PBXNativeTarget;
			buildConfigurationList = B0462AE2242B8E6100B51854 /* Build configuration list for PBXNativeTarget "erooja" */;
			buildPhases = (
				FE1B4E5C0EB2135D9F4E72F8 /* [CP] Check Pods Manifest.lock */,
				B0462AC7242B8E5F00B51854 /* Sources */,
				B0462AC8242B8E5F00B51854 /* Frameworks */,
				B0462AC9242B8E5F00B51854 /* Resources */,
				5925D18F5E03B2F29739C437 /* [CP] Embed Pods Frameworks */,
			);
			buildRules = (
			);
			dependencies = (
			);
			name = erooja;
			productName = erooja;
			productReference = B0462ACB242B8E5F00B51854 /* erooja.app */;
			productType = "com.apple.product-type.application";
		};
/* End PBXNativeTarget section */

/* Begin PBXProject section */
		B0462AC3242B8E5F00B51854 /* Project object */ = {
			isa = PBXProject;
			attributes = {
				LastSwiftUpdateCheck = 1130;
				LastUpgradeCheck = 1130;
				ORGANIZATIONNAME = "김태인";
				TargetAttributes = {
					B0462ACA242B8E5F00B51854 = {
						CreatedOnToolsVersion = 11.3.1;
					};
				};
			};
			buildConfigurationList = B0462AC6242B8E5F00B51854 /* Build configuration list for PBXProject "erooja" */;
			compatibilityVersion = "Xcode 9.3";
			developmentRegion = en;
			hasScannedForEncodings = 0;
			knownRegions = (
				en,
				Base,
			);
			mainGroup = B0462AC2242B8E5F00B51854;
			productRefGroup = B0462ACC242B8E5F00B51854 /* Products */;
			projectDirPath = "";
			projectRoot = "";
			targets = (
				B0462ACA242B8E5F00B51854 /* erooja */,
			);
		};
/* End PBXProject section */

/* Begin PBXResourcesBuildPhase section */
		B0462AC9242B8E5F00B51854 /* Resources */ = {
			isa = PBXResourcesBuildPhase;
			buildActionMask = 2147483647;
			files = (
				B0462ADE242B8E6100B51854 /* LaunchScreen.storyboard in Resources */,
				B0462AE9242B8FBF00B51854 /* MyPage.storyboard in Resources */,
				B0462ADB242B8E6100B51854 /* Assets.xcassets in Resources */,
				B0462AEB242B8FE800B51854 /* Home.storyboard in Resources */,
				B0462AE7242B8FA900B51854 /* Search.storyboard in Resources */,
				B0462AD6242B8E5F00B51854 /* Main.storyboard in Resources */,
			);
			runOnlyForDeploymentPostprocessing = 0;
		};
/* End PBXResourcesBuildPhase section */

/* Begin PBXShellScriptBuildPhase section */
		5925D18F5E03B2F29739C437 /* [CP] Embed Pods Frameworks */ = {
			isa = PBXShellScriptBuildPhase;
			buildActionMask = 2147483647;
			files = (
			);
			inputFileListPaths = (
				"${PODS_ROOT}/Target Support Files/Pods-erooja/Pods-erooja-frameworks-${CONFIGURATION}-input-files.xcfilelist",
			);
			name = "[CP] Embed Pods Frameworks";
			outputFileListPaths = (
				"${PODS_ROOT}/Target Support Files/Pods-erooja/Pods-erooja-frameworks-${CONFIGURATION}-output-files.xcfilelist",
			);
			runOnlyForDeploymentPostprocessing = 0;
			shellPath = /bin/sh;
			shellScript = "\"${PODS_ROOT}/Target Support Files/Pods-erooja/Pods-erooja-frameworks.sh\"\n";
			showEnvVarsInLog = 0;
		};
		FE1B4E5C0EB2135D9F4E72F8 /* [CP] Check Pods Manifest.lock */ = {
			isa = PBXShellScriptBuildPhase;
			buildActionMask = 2147483647;
			files = (
			);
			inputFileListPaths = (
			);
			inputPaths = (
				"${PODS_PODFILE_DIR_PATH}/Podfile.lock",
				"${PODS_ROOT}/Manifest.lock",
			);
			name = "[CP] Check Pods Manifest.lock";
			outputFileListPaths = (
			);
			outputPaths = (
				"$(DERIVED_FILE_DIR)/Pods-erooja-checkManifestLockResult.txt",
			);
			runOnlyForDeploymentPostprocessing = 0;
			shellPath = /bin/sh;
			shellScript = "diff \"${PODS_PODFILE_DIR_PATH}/Podfile.lock\" \"${PODS_ROOT}/Manifest.lock\" > /dev/null\nif [ $? != 0 ] ; then\n    # print error to STDERR\n    echo \"error: The sandbox is not in sync with the Podfile.lock. Run 'pod install' or update your CocoaPods installation.\" >&2\n    exit 1\nfi\n# This output is used by Xcode 'outputs' to avoid re-running this script phase.\necho \"SUCCESS\" > \"${SCRIPT_OUTPUT_FILE_0}\"\n";
			showEnvVarsInLog = 0;
		};
/* End PBXShellScriptBuildPhase section */

/* Begin PBXSourcesBuildPhase section */
		B0462AC7242B8E5F00B51854 /* Sources */ = {
			isa = PBXSourcesBuildPhase;
			buildActionMask = 2147483647;
			files = (
				B0462B29242BAA9200B51854 /* Notification+Common.swift in Sources */,
				B0462AF0242B921000B51854 /* APIResponseCode.swift in Sources */,
				B0462B23242BA99F00B51854 /* EUINavigationBar.swift in Sources */,
				B0462B25242BA9CF00B51854 /* EUINavigationBar+Style.swift in Sources */,
				B0462AF7242B949E00B51854 /* URLConstant.swift in Sources */,
				B0462B2E242BAB2000B51854 /* UIView+Frame.swift in Sources */,
				B0462AD3242B8E5F00B51854 /* MainViewController.swift in Sources */,
				B0462ACF242B8E5F00B51854 /* AppDelegate.swift in Sources */,
				B0462B20242BA97800B51854 /* EUINavigationController.swift in Sources */,
				B0462AF2242B944100B51854 /* HomeAPIRequest.swift in Sources */,
				B0462B1B242B953D00B51854 /* BasicAPIError.swift in Sources */,
				B0462B27242BAA4A00B51854 /* UIImage+Average.swift in Sources */,
				B0462B1D242B95CF00B51854 /* AlertController.swift in Sources */,
				B0462B2C242BAAE800B51854 /* UIColor+ContrastingColor.swift in Sources */,
				B0462B32242BAB8100B51854 /* UIImage+Resize.swift in Sources */,
				B0462AEE242B920000B51854 /* Schedule.swift in Sources */,
				B0462AF5242B945D00B51854 /* EroojaAPIRequest.swift in Sources */,
				B0462B34242BAD7B00B51854 /* UIImage+Initialize.swift in Sources */,
				B0462AD9242B8E5F00B51854 /* erooja.xcdatamodeld in Sources */,
				B0462B30242BAB5E00B51854 /* UIImage+Crop.swift in Sources */,
			);
			runOnlyForDeploymentPostprocessing = 0;
		};
/* End PBXSourcesBuildPhase section */

/* Begin PBXVariantGroup section */
		B0462AD4242B8E5F00B51854 /* Main.storyboard */ = {
			isa = PBXVariantGroup;
			children = (
				B0462AD5242B8E5F00B51854 /* Base */,
			);
			name = Main.storyboard;
			sourceTree = "<group>";
		};
		B0462ADC242B8E6100B51854 /* LaunchScreen.storyboard */ = {
			isa = PBXVariantGroup;
			children = (
				B0462ADD242B8E6100B51854 /* Base */,
			);
			name = LaunchScreen.storyboard;
			sourceTree = "<group>";
		};
/* End PBXVariantGroup section */

/* Begin XCBuildConfiguration section */
		B0462AE0242B8E6100B51854 /* Debug */ = {
			isa = XCBuildConfiguration;
			buildSettings = {
				ALWAYS_SEARCH_USER_PATHS = NO;
				CLANG_ANALYZER_NONNULL = YES;
				CLANG_ANALYZER_NUMBER_OBJECT_CONVERSION = YES_AGGRESSIVE;
				CLANG_CXX_LANGUAGE_STANDARD = "gnu++14";
				CLANG_CXX_LIBRARY = "libc++";
				CLANG_ENABLE_MODULES = YES;
				CLANG_ENABLE_OBJC_ARC = YES;
				CLANG_ENABLE_OBJC_WEAK = YES;
				CLANG_WARN_BLOCK_CAPTURE_AUTORELEASING = YES;
				CLANG_WARN_BOOL_CONVERSION = YES;
				CLANG_WARN_COMMA = YES;
				CLANG_WARN_CONSTANT_CONVERSION = YES;
				CLANG_WARN_DEPRECATED_OBJC_IMPLEMENTATIONS = YES;
				CLANG_WARN_DIRECT_OBJC_ISA_USAGE = YES_ERROR;
				CLANG_WARN_DOCUMENTATION_COMMENTS = YES;
				CLANG_WARN_EMPTY_BODY = YES;
				CLANG_WARN_ENUM_CONVERSION = YES;
				CLANG_WARN_INFINITE_RECURSION = YES;
				CLANG_WARN_INT_CONVERSION = YES;
				CLANG_WARN_NON_LITERAL_NULL_CONVERSION = YES;
				CLANG_WARN_OBJC_IMPLICIT_RETAIN_SELF = YES;
				CLANG_WARN_OBJC_LITERAL_CONVERSION = YES;
				CLANG_WARN_OBJC_ROOT_CLASS = YES_ERROR;
				CLANG_WARN_RANGE_LOOP_ANALYSIS = YES;
				CLANG_WARN_STRICT_PROTOTYPES = YES;
				CLANG_WARN_SUSPICIOUS_MOVE = YES;
				CLANG_WARN_UNGUARDED_AVAILABILITY = YES_AGGRESSIVE;
				CLANG_WARN_UNREACHABLE_CODE = YES;
				CLANG_WARN__DUPLICATE_METHOD_MATCH = YES;
				COPY_PHASE_STRIP = NO;
				DEBUG_INFORMATION_FORMAT = dwarf;
				ENABLE_STRICT_OBJC_MSGSEND = YES;
				ENABLE_TESTABILITY = YES;
				GCC_C_LANGUAGE_STANDARD = gnu11;
				GCC_DYNAMIC_NO_PIC = NO;
				GCC_NO_COMMON_BLOCKS = YES;
				GCC_OPTIMIZATION_LEVEL = 0;
				GCC_PREPROCESSOR_DEFINITIONS = (
					"DEBUG=1",
					"$(inherited)",
				);
				GCC_WARN_64_TO_32_BIT_CONVERSION = YES;
				GCC_WARN_ABOUT_RETURN_TYPE = YES_ERROR;
				GCC_WARN_UNDECLARED_SELECTOR = YES;
				GCC_WARN_UNINITIALIZED_AUTOS = YES_AGGRESSIVE;
				GCC_WARN_UNUSED_FUNCTION = YES;
				GCC_WARN_UNUSED_VARIABLE = YES;
				IPHONEOS_DEPLOYMENT_TARGET = 13.2;
				MTL_ENABLE_DEBUG_INFO = INCLUDE_SOURCE;
				MTL_FAST_MATH = YES;
				ONLY_ACTIVE_ARCH = YES;
				SDKROOT = iphoneos;
				SWIFT_ACTIVE_COMPILATION_CONDITIONS = DEBUG;
				SWIFT_OPTIMIZATION_LEVEL = "-Onone";
			};
			name = Debug;
		};
		B0462AE1242B8E6100B51854 /* Release */ = {
			isa = XCBuildConfiguration;
			buildSettings = {
				ALWAYS_SEARCH_USER_PATHS = NO;
				CLANG_ANALYZER_NONNULL = YES;
				CLANG_ANALYZER_NUMBER_OBJECT_CONVERSION = YES_AGGRESSIVE;
				CLANG_CXX_LANGUAGE_STANDARD = "gnu++14";
				CLANG_CXX_LIBRARY = "libc++";
				CLANG_ENABLE_MODULES = YES;
				CLANG_ENABLE_OBJC_ARC = YES;
				CLANG_ENABLE_OBJC_WEAK = YES;
				CLANG_WARN_BLOCK_CAPTURE_AUTORELEASING = YES;
				CLANG_WARN_BOOL_CONVERSION = YES;
				CLANG_WARN_COMMA = YES;
				CLANG_WARN_CONSTANT_CONVERSION = YES;
				CLANG_WARN_DEPRECATED_OBJC_IMPLEMENTATIONS = YES;
				CLANG_WARN_DIRECT_OBJC_ISA_USAGE = YES_ERROR;
				CLANG_WARN_DOCUMENTATION_COMMENTS = YES;
				CLANG_WARN_EMPTY_BODY = YES;
				CLANG_WARN_ENUM_CONVERSION = YES;
				CLANG_WARN_INFINITE_RECURSION = YES;
				CLANG_WARN_INT_CONVERSION = YES;
				CLANG_WARN_NON_LITERAL_NULL_CONVERSION = YES;
				CLANG_WARN_OBJC_IMPLICIT_RETAIN_SELF = YES;
				CLANG_WARN_OBJC_LITERAL_CONVERSION = YES;
				CLANG_WARN_OBJC_ROOT_CLASS = YES_ERROR;
				CLANG_WARN_RANGE_LOOP_ANALYSIS = YES;
				CLANG_WARN_STRICT_PROTOTYPES = YES;
				CLANG_WARN_SUSPICIOUS_MOVE = YES;
				CLANG_WARN_UNGUARDED_AVAILABILITY = YES_AGGRESSIVE;
				CLANG_WARN_UNREACHABLE_CODE = YES;
				CLANG_WARN__DUPLICATE_METHOD_MATCH = YES;
				COPY_PHASE_STRIP = NO;
				DEBUG_INFORMATION_FORMAT = "dwarf-with-dsym";
				ENABLE_NS_ASSERTIONS = NO;
				ENABLE_STRICT_OBJC_MSGSEND = YES;
				GCC_C_LANGUAGE_STANDARD = gnu11;
				GCC_NO_COMMON_BLOCKS = YES;
				GCC_WARN_64_TO_32_BIT_CONVERSION = YES;
				GCC_WARN_ABOUT_RETURN_TYPE = YES_ERROR;
				GCC_WARN_UNDECLARED_SELECTOR = YES;
				GCC_WARN_UNINITIALIZED_AUTOS = YES_AGGRESSIVE;
				GCC_WARN_UNUSED_FUNCTION = YES;
				GCC_WARN_UNUSED_VARIABLE = YES;
				IPHONEOS_DEPLOYMENT_TARGET = 13.2;
				MTL_ENABLE_DEBUG_INFO = NO;
				MTL_FAST_MATH = YES;
				SDKROOT = iphoneos;
				SWIFT_COMPILATION_MODE = wholemodule;
				SWIFT_OPTIMIZATION_LEVEL = "-O";
				VALIDATE_PRODUCT = YES;
			};
			name = Release;
		};
		B0462AE3242B8E6100B51854 /* Debug */ = {
			isa = XCBuildConfiguration;
			baseConfigurationReference = B7EC43A88CE7BA9D68CE3D8B /* Pods-erooja.debug.xcconfig */;
			buildSettings = {
				ASSETCATALOG_COMPILER_APPICON_NAME = AppIcon;
				CODE_SIGN_STYLE = Automatic;
				DEVELOPMENT_TEAM = P6E4GUVUC9;
				INFOPLIST_FILE = erooja/Info.plist;
				LD_RUNPATH_SEARCH_PATHS = (
					"$(inherited)",
					"@executable_path/Frameworks",
				);
				PRODUCT_BUNDLE_IDENTIFIER = com.eroom.erooja;
				PRODUCT_NAME = "$(TARGET_NAME)";
				SWIFT_VERSION = 5.0;
				TARGETED_DEVICE_FAMILY = "1,2";
			};
			name = Debug;
		};
		B0462AE4242B8E6100B51854 /* Release */ = {
			isa = XCBuildConfiguration;
			baseConfigurationReference = 9CAC2CCFB91AEFC6FE7A332D /* Pods-erooja.release.xcconfig */;
			buildSettings = {
				ASSETCATALOG_COMPILER_APPICON_NAME = AppIcon;
				CODE_SIGN_STYLE = Automatic;
				DEVELOPMENT_TEAM = P6E4GUVUC9;
				INFOPLIST_FILE = erooja/Info.plist;
				LD_RUNPATH_SEARCH_PATHS = (
					"$(inherited)",
					"@executable_path/Frameworks",
				);
				PRODUCT_BUNDLE_IDENTIFIER = com.eroom.erooja;
				PRODUCT_NAME = "$(TARGET_NAME)";
				SWIFT_VERSION = 5.0;
				TARGETED_DEVICE_FAMILY = "1,2";
			};
			name = Release;
		};
/* End XCBuildConfiguration section */

/* Begin XCConfigurationList section */
		B0462AC6242B8E5F00B51854 /* Build configuration list for PBXProject "erooja" */ = {
			isa = XCConfigurationList;
			buildConfigurations = (
				B0462AE0242B8E6100B51854 /* Debug */,
				B0462AE1242B8E6100B51854 /* Release */,
			);
			defaultConfigurationIsVisible = 0;
			defaultConfigurationName = Release;
		};
		B0462AE2242B8E6100B51854 /* Build configuration list for PBXNativeTarget "erooja" */ = {
			isa = XCConfigurationList;
			buildConfigurations = (
				B0462AE3242B8E6100B51854 /* Debug */,
				B0462AE4242B8E6100B51854 /* Release */,
			);
			defaultConfigurationIsVisible = 0;
			defaultConfigurationName = Release;
		};
/* End XCConfigurationList section */

/* Begin XCVersionGroup section */
		B0462AD7242B8E5F00B51854 /* erooja.xcdatamodeld */ = {
			isa = XCVersionGroup;
			children = (
				B0462AD8242B8E5F00B51854 /* erooja.xcdatamodel */,
			);
			currentVersion = B0462AD8242B8E5F00B51854 /* erooja.xcdatamodel */;
			path = erooja.xcdatamodeld;
			sourceTree = "<group>";
			versionGroupType = wrapper.xcdatamodel;
		};
/* End XCVersionGroup section */
	};
	rootObject = B0462AC3242B8E5F00B51854 /* Project object */;
}
